
Microsoft Visual Studio Solution File, Format Version 12.00
# Visual Studio Version 17
VisualStudioVersion = 17.3.32922.545
MinimumVisualStudioVersion = 10.0.40219.1
Project("{2150E333-8FDC-42A3-9474-1A3956D46DE8}") = "src", "src", "{2A271A9C-C1CC-4DD2-B133-10BB7FA295DE}"
EndProject
Project("{9A19103F-16F7-4668-BE54-9A1E7A4F7556}") = "Basemix.Lib", "src\Basemix.Lib\Basemix.Lib.csproj", "{B322EF60-12D3-41C5-8E4F-C16299A9B127}"
EndProject
Project("{9A19103F-16F7-4668-BE54-9A1E7A4F7556}") = "Basemix.Db", "src\Basemix.Db\Basemix.Db.csproj", "{BD3573B8-8A25-446A-AFC0-558AC4553D86}"
EndProject
Project("{2150E333-8FDC-42A3-9474-1A3956D46DE8}") = "tests", "tests", "{C019600F-D998-455B-90AD-645E09959C68}"
EndProject
Project("{9A19103F-16F7-4668-BE54-9A1E7A4F7556}") = "Basemix.Tests", "tests\Basemix.Tests\Basemix.Tests.csproj", "{312D2424-CFA5-4423-8DE1-BD34D7E2C708}"
EndProject
Project("{FAE04EC0-301F-11D3-BF4B-00C04F79EFBC}") = "Basemix", "src\Basemix\Basemix.csproj", "{3ABE4A56-13D5-46D3-9823-55187547E1E0}"
EndProject
Project("{2150E333-8FDC-42A3-9474-1A3956D46DE8}") = "Other Files", "Other Files", "{544FFAA5-5891-4783-A3D0-0F0C97159C2D}"
	ProjectSection(SolutionItems) = preProject
		build.sh = build.sh
	EndProjectSection
EndProject
Project("{2150E333-8FDC-42A3-9474-1A3956D46DE8}") = "docs", "docs", "{1B7E6D4C-4E99-41C0-B0C1-193CEC6121D1}"
	ProjectSection(SolutionItems) = preProject
		docs\publishing.md = docs\publishing.md
	EndProjectSection
EndProject
Project("{2150E333-8FDC-42A3-9474-1A3956D46DE8}") = "adrs", "adrs", "{0171CB0D-FC95-41E8-A4C1-4AEEA9574B48}"
	ProjectSection(SolutionItems) = preProject
		docs\adrs\adr-001 Support for litters with multiple sires.md = docs\adrs\adr-001 Support for litters with multiple sires.md
		docs\adrs\adr-002 Support 'Save as you go' editing.md = docs\adrs\adr-002 Support 'Save as you go' editing.md
	EndProjectSection
EndProject
Global
	GlobalSection(SolutionConfigurationPlatforms) = preSolution
		Debug|Any CPU = Debug|Any CPU
		Release|Any CPU = Release|Any CPU
	EndGlobalSection
	GlobalSection(ProjectConfigurationPlatforms) = postSolution
		{B322EF60-12D3-41C5-8E4F-C16299A9B127}.Debug|Any CPU.ActiveCfg = Debug|Any CPU
		{B322EF60-12D3-41C5-8E4F-C16299A9B127}.Debug|Any CPU.Build.0 = Debug|Any CPU
		{B322EF60-12D3-41C5-8E4F-C16299A9B127}.Release|Any CPU.ActiveCfg = Release|Any CPU
		{B322EF60-12D3-41C5-8E4F-C16299A9B127}.Release|Any CPU.Build.0 = Release|Any CPU
		{BD3573B8-8A25-446A-AFC0-558AC4553D86}.Debug|Any CPU.ActiveCfg = Debug|Any CPU
		{BD3573B8-8A25-446A-AFC0-558AC4553D86}.Debug|Any CPU.Build.0 = Debug|Any CPU
		{BD3573B8-8A25-446A-AFC0-558AC4553D86}.Release|Any CPU.ActiveCfg = Release|Any CPU
		{BD3573B8-8A25-446A-AFC0-558AC4553D86}.Release|Any CPU.Build.0 = Release|Any CPU
		{312D2424-CFA5-4423-8DE1-BD34D7E2C708}.Debug|Any CPU.ActiveCfg = Debug|Any CPU
		{312D2424-CFA5-4423-8DE1-BD34D7E2C708}.Debug|Any CPU.Build.0 = Debug|Any CPU
		{312D2424-CFA5-4423-8DE1-BD34D7E2C708}.Release|Any CPU.ActiveCfg = Release|Any CPU
		{312D2424-CFA5-4423-8DE1-BD34D7E2C708}.Release|Any CPU.Build.0 = Release|Any CPU
		{3ABE4A56-13D5-46D3-9823-55187547E1E0}.Debug|Any CPU.ActiveCfg = Debug|Any CPU
		{3ABE4A56-13D5-46D3-9823-55187547E1E0}.Debug|Any CPU.Build.0 = Debug|Any CPU
		{3ABE4A56-13D5-46D3-9823-55187547E1E0}.Debug|Any CPU.Deploy.0 = Debug|Any CPU
		{3ABE4A56-13D5-46D3-9823-55187547E1E0}.Release|Any CPU.ActiveCfg = Release|Any CPU
		{3ABE4A56-13D5-46D3-9823-55187547E1E0}.Release|Any CPU.Build.0 = Release|Any CPU
		{3ABE4A56-13D5-46D3-9823-55187547E1E0}.Release|Any CPU.Deploy.0 = Release|Any CPU
	EndGlobalSection
	GlobalSection(SolutionProperties) = preSolution
		HideSolutionNode = FALSE
	EndGlobalSection
	GlobalSection(NestedProjects) = preSolution
		{B322EF60-12D3-41C5-8E4F-C16299A9B127} = {2A271A9C-C1CC-4DD2-B133-10BB7FA295DE}
		{BD3573B8-8A25-446A-AFC0-558AC4553D86} = {2A271A9C-C1CC-4DD2-B133-10BB7FA295DE}
		{312D2424-CFA5-4423-8DE1-BD34D7E2C708} = {C019600F-D998-455B-90AD-645E09959C68}
		{3ABE4A56-13D5-46D3-9823-55187547E1E0} = {2A271A9C-C1CC-4DD2-B133-10BB7FA295DE}
		{0171CB0D-FC95-41E8-A4C1-4AEEA9574B48} = {1B7E6D4C-4E99-41C0-B0C1-193CEC6121D1}
	EndGlobalSection
	GlobalSection(ExtensibilityGlobals) = postSolution
		SolutionGuid = {0AB7B6AA-F56C-44E0-ABF1-071686A30EF1}
	EndGlobalSection
EndGlobal
